
Microsoft Visual Studio Solution File, Format Version 12.00
# Visual Studio 15
VisualStudioVersion = 15.0.27703.2042
MinimumVisualStudioVersion = 10.0.40219.1
Project("{9A19103F-16F7-4668-BE54-9A1E7A4F7556}") = "dockertest.api", "dockertest.api\dockertest.api.csproj", "{FFD9A0A0-5E67-4C67-832A-CAD10BA88AD1}"
EndProject
Project("{9A19103F-16F7-4668-BE54-9A1E7A4F7556}") = "dockertest.tests", "dockertest.tests\dockertest.tests.csproj", "{39528D52-2D90-4236-AABB-EB129B8058EB}"
EndProject
Project("{E24C65DC-7377-472B-9ABA-BC803B73C61A}") = "dockertest.web", "dockertest.web\", "{3CD83B56-B524-41C7-898F-20DAD353DC6B}"
	ProjectSection(WebsiteProperties) = preProject
		TargetFrameworkMoniker = ".NETFramework,Version%3Dv4.0"
		Debug.AspNetCompiler.VirtualPath = "/localhost_61333"
		Debug.AspNetCompiler.PhysicalPath = "dockertest.web\"
		Debug.AspNetCompiler.TargetPath = "PrecompiledWeb\localhost_61333\"
		Debug.AspNetCompiler.Updateable = "true"
		Debug.AspNetCompiler.ForceOverwrite = "true"
		Debug.AspNetCompiler.FixedNames = "false"
		Debug.AspNetCompiler.Debug = "True"
		Release.AspNetCompiler.VirtualPath = "/localhost_61333"
		Release.AspNetCompiler.PhysicalPath = "dockertest.web\"
		Release.AspNetCompiler.TargetPath = "PrecompiledWeb\localhost_61333\"
		Release.AspNetCompiler.Updateable = "true"
		Release.AspNetCompiler.ForceOverwrite = "true"
		Release.AspNetCompiler.FixedNames = "false"
		Release.AspNetCompiler.Debug = "False"
		VWDPort = "61333"
	EndProjectSection
EndProject
Global
	GlobalSection(SolutionConfigurationPlatforms) = preSolution
		Debug|Any CPU = Debug|Any CPU
		Release|Any CPU = Release|Any CPU
	EndGlobalSection
	GlobalSection(ProjectConfigurationPlatforms) = postSolution
		{FFD9A0A0-5E67-4C67-832A-CAD10BA88AD1}.Debug|Any CPU.ActiveCfg = Debug|Any CPU
		{FFD9A0A0-5E67-4C67-832A-CAD10BA88AD1}.Debug|Any CPU.Build.0 = Debug|Any CPU
		{FFD9A0A0-5E67-4C67-832A-CAD10BA88AD1}.Release|Any CPU.ActiveCfg = Release|Any CPU
		{FFD9A0A0-5E67-4C67-832A-CAD10BA88AD1}.Release|Any CPU.Build.0 = Release|Any CPU
		{39528D52-2D90-4236-AABB-EB129B8058EB}.Debug|Any CPU.ActiveCfg = Debug|Any CPU
		{39528D52-2D90-4236-AABB-EB129B8058EB}.Debug|Any CPU.Build.0 = Debug|Any CPU
		{39528D52-2D90-4236-AABB-EB129B8058EB}.Release|Any CPU.ActiveCfg = Release|Any CPU
		{39528D52-2D90-4236-AABB-EB129B8058EB}.Release|Any CPU.Build.0 = Release|Any CPU
		{3CD83B56-B524-41C7-898F-20DAD353DC6B}.Debug|Any CPU.ActiveCfg = Debug|Any CPU
		{3CD83B56-B524-41C7-898F-20DAD353DC6B}.Debug|Any CPU.Build.0 = Debug|Any CPU
		{3CD83B56-B524-41C7-898F-20DAD353DC6B}.Release|Any CPU.ActiveCfg = Debug|Any CPU
		{3CD83B56-B524-41C7-898F-20DAD353DC6B}.Release|Any CPU.Build.0 = Debug|Any CPU
	EndGlobalSection
	GlobalSection(SolutionProperties) = preSolution
		HideSolutionNode = FALSE
	EndGlobalSection
	GlobalSection(ExtensibilityGlobals) = postSolution
		SolutionGuid = {C06F1659-1731-42AE-A83B-770F3D4F4C79}
	EndGlobalSection
EndGlobal
